// !$*UTF8*$!
{
	archiveVersion = 1;
	classes = {
	};
	objectVersion = 56;
	objects = {

/* Begin PBXBuildFile section */
		5B1058BC29E6EF4900F8FF90 /* ColorBlueApp.swift in Sources */ = {isa = PBXBuildFile; fileRef = 5B1058BB29E6EF4900F8FF90 /* ColorBlueApp.swift */; };
		5B1058BE29E6EF4900F8FF90 /* ColorBlueView.swift in Sources */ = {isa = PBXBuildFile; fileRef = 5B1058BD29E6EF4900F8FF90 /* ColorBlueView.swift */; };
		5B1058C029E6EF4A00F8FF90 /* Assets.xcassets in Resources */ = {isa = PBXBuildFile; fileRef = 5B1058BF29E6EF4A00F8FF90 /* Assets.xcassets */; };
		5B1058C329E6EF4A00F8FF90 /* Preview Assets.xcassets in Resources */ = {isa = PBXBuildFile; fileRef = 5B1058C229E6EF4A00F8FF90 /* Preview Assets.xcassets */; };
		5B1058CF29E6F01700F8FF90 /* MainTabView.swift in Sources */ = {isa = PBXBuildFile; fileRef = 5B1058CE29E6F01700F8FF90 /* MainTabView.swift */; };
		5B1058D529E6F1AF00F8FF90 /* MainViewDaire.swift in Sources */ = {isa = PBXBuildFile; fileRef = 5B1058D429E6F1AF00F8FF90 /* MainViewDaire.swift */; };
		5B1058D729E6F2B900F8FF90 /* MainViewRectangle.swift in Sources */ = {isa = PBXBuildFile; fileRef = 5B1058D629E6F2B900F8FF90 /* MainViewRectangle.swift */; };
		5B1058D929E6F2EA00F8FF90 /* MainViewTriangle.swift in Sources */ = {isa = PBXBuildFile; fileRef = 5B1058D829E6F2EA00F8FF90 /* MainViewTriangle.swift */; };
		5B1058DB29E6F35300F8FF90 /* MenuViewSiield.swift in Sources */ = {isa = PBXBuildFile; fileRef = 5B1058DA29E6F35300F8FF90 /* MenuViewSiield.swift */; };
		5B1058DD29E6FB4800F8FF90 /* SideMenuView.swift in Sources */ = {isa = PBXBuildFile; fileRef = 5B1058DC29E6FB4800F8FF90 /* SideMenuView.swift */; };
		5B1058DF29E6FC4C00F8FF90 /* SideMenuViewHeader.swift in Sources */ = {isa = PBXBuildFile; fileRef = 5B1058DE29E6FC4C00F8FF90 /* SideMenuViewHeader.swift */; };
/* End PBXBuildFile section */

/* Begin PBXFileReference section */
		5B1058B829E6EF4900F8FF90 /* ColorBlue.app */ = {isa = PBXFileReference; explicitFileType = wrapper.application; includeInIndex = 0; path = ColorBlue.app; sourceTree = BUILT_PRODUCTS_DIR; };
		5B1058BB29E6EF4900F8FF90 /* ColorBlueApp.swift */ = {isa = PBXFileReference; lastKnownFileType = sourcecode.swift; path = ColorBlueApp.swift; sourceTree = "<group>"; };
		5B1058BD29E6EF4900F8FF90 /* ColorBlueView.swift */ = {isa = PBXFileReference; lastKnownFileType = sourcecode.swift; path = ColorBlueView.swift; sourceTree = "<group>"; };
		5B1058BF29E6EF4A00F8FF90 /* Assets.xcassets */ = {isa = PBXFileReference; lastKnownFileType = folder.assetcatalog; path = Assets.xcassets; sourceTree = "<group>"; };
		5B1058C229E6EF4A00F8FF90 /* Preview Assets.xcassets */ = {isa = PBXFileReference; lastKnownFileType = folder.assetcatalog; path = "Preview Assets.xcassets"; sourceTree = "<group>"; };
		5B1058CE29E6F01700F8FF90 /* MainTabView.swift */ = {isa = PBXFileReference; lastKnownFileType = sourcecode.swift; path = MainTabView.swift; sourceTree = "<group>"; };
		5B1058D429E6F1AF00F8FF90 /* MainViewDaire.swift */ = {isa = PBXFileReference; lastKnownFileType = sourcecode.swift; path = MainViewDaire.swift; sourceTree = "<group>"; };
		5B1058D629E6F2B900F8FF90 /* MainViewRectangle.swift */ = {isa = PBXFileReference; lastKnownFileType = sourcecode.swift; path = MainViewRectangle.swift; sourceTree = "<group>"; };
		5B1058D829E6F2EA00F8FF90 /* MainViewTriangle.swift */ = {isa = PBXFileReference; lastKnownFileType = sourcecode.swift; path = MainViewTriangle.swift; sourceTree = "<group>"; };
		5B1058DA29E6F35300F8FF90 /* MenuViewSiield.swift */ = {isa = PBXFileReference; lastKnownFileType = sourcecode.swift; path = MenuViewSiield.swift; sourceTree = "<group>"; };
		5B1058DC29E6FB4800F8FF90 /* SideMenuView.swift */ = {isa = PBXFileReference; lastKnownFileType = sourcecode.swift; path = SideMenuView.swift; sourceTree = "<group>"; };
		5B1058DE29E6FC4C00F8FF90 /* SideMenuViewHeader.swift */ = {isa = PBXFileReference; lastKnownFileType = sourcecode.swift; path = SideMenuViewHeader.swift; sourceTree = "<group>"; };
/* End PBXFileReference section */

/* Begin PBXFrameworksBuildPhase section */
		5B1058B529E6EF4900F8FF90 /* Frameworks */ = {
			isa = PBXFrameworksBuildPhase;
			buildActionMask = 2147483647;
			files = (
			);
			runOnlyForDeploymentPostprocessing = 0;
		};
/* End PBXFrameworksBuildPhase section */

/* Begin PBXGroup section */
		5B1058AF29E6EF4900F8FF90 = {
			isa = PBXGroup;
			children = (
				5B1058BA29E6EF4900F8FF90 /* ColorBlue */,
				5B1058B929E6EF4900F8FF90 /* Products */,
			);
			sourceTree = "<group>";
		};
		5B1058B929E6EF4900F8FF90 /* Products */ = {
			isa = PBXGroup;
			children = (
				5B1058B829E6EF4900F8FF90 /* ColorBlue.app */,
			);
			name = Products;
			sourceTree = "<group>";
		};
		5B1058BA29E6EF4900F8FF90 /* ColorBlue */ = {
			isa = PBXGroup;
			children = (
				5B1058C929E6EF7C00F8FF90 /* Core */,
				5B1058BB29E6EF4900F8FF90 /* ColorBlueApp.swift */,
				5B1058BD29E6EF4900F8FF90 /* ColorBlueView.swift */,
				5B1058BF29E6EF4A00F8FF90 /* Assets.xcassets */,
				5B1058C129E6EF4A00F8FF90 /* Preview Content */,
			);
			path = ColorBlue;
			sourceTree = "<group>";
		};
		5B1058C129E6EF4A00F8FF90 /* Preview Content */ = {
			isa = PBXGroup;
			children = (
				5B1058C229E6EF4A00F8FF90 /* Preview Assets.xcassets */,
			);
			path = "Preview Content";
			sourceTree = "<group>";
		};
		5B1058C929E6EF7C00F8FF90 /* Core */ = {
			isa = PBXGroup;
			children = (
				5B1058E329E7132900F8FF90 /* Components */,
				5B1058CA29E6EF8200F8FF90 /* Profile */,
				5B1058CC29E6EF9600F8FF90 /* SideMenu */,
				5B1058CB29E6EF8A00F8FF90 /* MainMenu */,
				5B1058CD29E6EFEA00F8FF90 /* MainTab */,
				5B1058E029E7125D00F8FF90 /* Feed */,
			);
			path = Core;
			sourceTree = "<group>";
		};
		5B1058CA29E6EF8200F8FF90 /* Profile */ = {
			isa = PBXGroup;
			children = (
				5B1058E129E7129700F8FF90 /* View */,
				5B1058E229E7129F00F8FF90 /* ViewModel */,
			);
			path = Profile;
			sourceTree = "<group>";
		};
		5B1058CB29E6EF8A00F8FF90 /* MainMenu */ = {
			isa = PBXGroup;
			children = (
				5B1058D029E6F04F00F8FF90 /* Circle */,
				5B1058D129E6F16500F8FF90 /* Rectangle */,
				5B1058D229E6F16E00F8FF90 /* Triangle */,
				5B1058D329E6F17600F8FF90 /* Shield */,
			);
			path = MainMenu;
			sourceTree = "<group>";
		};
		5B1058CC29E6EF9600F8FF90 /* SideMenu */ = {
			isa = PBXGroup;
			children = (
				5B1058DC29E6FB4800F8FF90 /* SideMenuView.swift */,
				5B1058DE29E6FC4C00F8FF90 /* SideMenuViewHeader.swift */,
			);
			path = SideMenu;
			sourceTree = "<group>";
		};
		5B1058CD29E6EFEA00F8FF90 /* MainTab */ = {
			isa = PBXGroup;
			children = (
				5B1058CE29E6F01700F8FF90 /* MainTabView.swift */,
			);
			path = MainTab;
			sourceTree = "<group>";
		};
		5B1058D029E6F04F00F8FF90 /* Circle */ = {
			isa = PBXGroup;
			children = (
				5B1058D429E6F1AF00F8FF90 /* MainViewDaire.swift */,
			);
			path = Circle;
			sourceTree = "<group>";
		};
		5B1058D129E6F16500F8FF90 /* Rectangle */ = {
			isa = PBXGroup;
			children = (
				5B1058D629E6F2B900F8FF90 /* MainViewRectangle.swift */,
			);
			path = Rectangle;
			sourceTree = "<group>";
		};
		5B1058D229E6F16E00F8FF90 /* Triangle */ = {
			isa = PBXGroup;
			children = (
				5B1058D829E6F2EA00F8FF90 /* MainViewTriangle.swift */,
			);
			name = Triangle;
			path = "Üçgen";
			sourceTree = "<group>";
		};
		5B1058D329E6F17600F8FF90 /* Shield */ = {
			isa = PBXGroup;
			children = (
				5B1058DA29E6F35300F8FF90 /* MenuViewSiield.swift */,
			);
			name = Shield;
			path = "Dikdörtgen";
			sourceTree = "<group>";
		};
		5B1058E029E7125D00F8FF90 /* Feed */ = {
			isa = PBXGroup;
			children = (
			);
			path = Feed;
			sourceTree = "<group>";
		};
		5B1058E129E7129700F8FF90 /* View */ = {
			isa = PBXGroup;
			children = (
			);
			path = View;
			sourceTree = "<group>";
		};
		5B1058E229E7129F00F8FF90 /* ViewModel */ = {
			isa = PBXGroup;
			children = (
			);
			path = ViewModel;
			sourceTree = "<group>";
		};
		5B1058E329E7132900F8FF90 /* Components */ = {
			isa = PBXGroup;
			children = (
				5B1058E429E7135B00F8FF90 /* Row */,
			);
			path = Components;
			sourceTree = "<group>";
		};
		5B1058E429E7135B00F8FF90 /* Row */ = {
			isa = PBXGroup;
			children = (
			);
			path = Row;
			sourceTree = "<group>";
		};
/* End PBXGroup section */

/* Begin PBXNativeTarget section */
		5B1058B729E6EF4900F8FF90 /* ColorBlue */ = {
			isa = PBXNativeTarget;
			buildConfigurationList = 5B1058C629E6EF4A00F8FF90 /* Build configuration list for PBXNativeTarget "ColorBlue" */;
			buildPhases = (
				5B1058B429E6EF4900F8FF90 /* Sources */,
				5B1058B529E6EF4900F8FF90 /* Frameworks */,
				5B1058B629E6EF4900F8FF90 /* Resources */,
			);
			buildRules = (
			);
			dependencies = (
			);
			name = ColorBlue;
			productName = ColorBlue;
			productReference = 5B1058B829E6EF4900F8FF90 /* ColorBlue.app */;
			productType = "com.apple.product-type.application";
		};
/* End PBXNativeTarget section */

/* Begin PBXProject section */
		5B1058B029E6EF4900F8FF90 /* Project object */ = {
			isa = PBXProject;
			attributes = {
				BuildIndependentTargetsInParallel = 1;
				LastSwiftUpdateCheck = 1400;
				LastUpgradeCheck = 1400;
				TargetAttributes = {
					5B1058B729E6EF4900F8FF90 = {
						CreatedOnToolsVersion = 14.0;
					};
				};
			};
			buildConfigurationList = 5B1058B329E6EF4900F8FF90 /* Build configuration list for PBXProject "ColorBlue" */;
			compatibilityVersion = "Xcode 14.0";
			developmentRegion = en;
			hasScannedForEncodings = 0;
			knownRegions = (
				en,
				Base,
			);
			mainGroup = 5B1058AF29E6EF4900F8FF90;
			productRefGroup = 5B1058B929E6EF4900F8FF90 /* Products */;
			projectDirPath = "";
			projectRoot = "";
			targets = (
				5B1058B729E6EF4900F8FF90 /* ColorBlue */,
			);
		};
/* End PBXProject section */

/* Begin PBXResourcesBuildPhase section */
		5B1058B629E6EF4900F8FF90 /* Resources */ = {
			isa = PBXResourcesBuildPhase;
			buildActionMask = 2147483647;
			files = (
				5B1058C329E6EF4A00F8FF90 /* Preview Assets.xcassets in Resources */,
				5B1058C029E6EF4A00F8FF90 /* Assets.xcassets in Resources */,
			);
			runOnlyForDeploymentPostprocessing = 0;
		};
/* End PBXResourcesBuildPhase section */

/* Begin PBXSourcesBuildPhase section */
		5B1058B429E6EF4900F8FF90 /* Sources */ = {
			isa = PBXSourcesBuildPhase;
			buildActionMask = 2147483647;
			files = (
				5B1058D929E6F2EA00F8FF90 /* MainViewTriangle.swift in Sources */,
				5B1058BE29E6EF4900F8FF90 /* ColorBlueView.swift in Sources */,
				5B1058DD29E6FB4800F8FF90 /* SideMenuView.swift in Sources */,
				5B1058D729E6F2B900F8FF90 /* MainViewRectangle.swift in Sources */,
				5B1058BC29E6EF4900F8FF90 /* ColorBlueApp.swift in Sources */,
				5B1058DB29E6F35300F8FF90 /* MenuViewSiield.swift in Sources */,
				5B1058DF29E6FC4C00F8FF90 /* SideMenuViewHeader.swift in Sources */,
				5B1058CF29E6F01700F8FF90 /* MainTabView.swift in Sources */,
				5B1058D529E6F1AF00F8FF90 /* MainViewDaire.swift in Sources */,
			);
			runOnlyForDeploymentPostprocessing = 0;
		};
/* End PBXSourcesBuildPhase section */

/* Begin XCBuildConfiguration section */
		5B1058C429E6EF4A00F8FF90 /* Debug */ = {
			isa = XCBuildConfiguration;
			buildSettings = {
				ALWAYS_SEARCH_USER_PATHS = NO;
				CLANG_ANALYZER_NONNULL = YES;
				CLANG_ANALYZER_NUMBER_OBJECT_CONVERSION = YES_AGGRESSIVE;
				CLANG_CXX_LANGUAGE_STANDARD = "gnu++20";
				CLANG_ENABLE_MODULES = YES;
				CLANG_ENABLE_OBJC_ARC = YES;
				CLANG_ENABLE_OBJC_WEAK = YES;
				CLANG_WARN_BLOCK_CAPTURE_AUTORELEASING = YES;
				CLANG_WARN_BOOL_CONVERSION = YES;
				CLANG_WARN_COMMA = YES;
				CLANG_WARN_CONSTANT_CONVERSION = YES;
				CLANG_WARN_DEPRECATED_OBJC_IMPLEMENTATIONS = YES;
				CLANG_WARN_DIRECT_OBJC_ISA_USAGE = YES_ERROR;
				CLANG_WARN_DOCUMENTATION_COMMENTS = YES;
				CLANG_WARN_EMPTY_BODY = YES;
				CLANG_WARN_ENUM_CONVERSION = YES;
				CLANG_WARN_INFINITE_RECURSION = YES;
				CLANG_WARN_INT_CONVERSION = YES;
				CLANG_WARN_NON_LITERAL_NULL_CONVERSION = YES;
				CLANG_WARN_OBJC_IMPLICIT_RETAIN_SELF = YES;
				CLANG_WARN_OBJC_LITERAL_CONVERSION = YES;
				CLANG_WARN_OBJC_ROOT_CLASS = YES_ERROR;
				CLANG_WARN_QUOTED_INCLUDE_IN_FRAMEWORK_HEADER = YES;
				CLANG_WARN_RANGE_LOOP_ANALYSIS = YES;
				CLANG_WARN_STRICT_PROTOTYPES = YES;
				CLANG_WARN_SUSPICIOUS_MOVE = YES;
				CLANG_WARN_UNGUARDED_AVAILABILITY = YES_AGGRESSIVE;
				CLANG_WARN_UNREACHABLE_CODE = YES;
				CLANG_WARN__DUPLICATE_METHOD_MATCH = YES;
				COPY_PHASE_STRIP = NO;
				DEBUG_INFORMATION_FORMAT = dwarf;
				ENABLE_STRICT_OBJC_MSGSEND = YES;
				ENABLE_TESTABILITY = YES;
				GCC_C_LANGUAGE_STANDARD = gnu11;
				GCC_DYNAMIC_NO_PIC = NO;
				GCC_NO_COMMON_BLOCKS = YES;
				GCC_OPTIMIZATION_LEVEL = 0;
				GCC_PREPROCESSOR_DEFINITIONS = (
					"DEBUG=1",
					"$(inherited)",
				);
				GCC_WARN_64_TO_32_BIT_CONVERSION = YES;
				GCC_WARN_ABOUT_RETURN_TYPE = YES_ERROR;
				GCC_WARN_UNDECLARED_SELECTOR = YES;
				GCC_WARN_UNINITIALIZED_AUTOS = YES_AGGRESSIVE;
				GCC_WARN_UNUSED_FUNCTION = YES;
				GCC_WARN_UNUSED_VARIABLE = YES;
				IPHONEOS_DEPLOYMENT_TARGET = 16.0;
				MTL_ENABLE_DEBUG_INFO = INCLUDE_SOURCE;
				MTL_FAST_MATH = YES;
				ONLY_ACTIVE_ARCH = YES;
				SDKROOT = iphoneos;
				SWIFT_ACTIVE_COMPILATION_CONDITIONS = DEBUG;
				SWIFT_OPTIMIZATION_LEVEL = "-Onone";
			};
			name = Debug;
		};
		5B1058C529E6EF4A00F8FF90 /* Release */ = {
			isa = XCBuildConfiguration;
			buildSettings = {
				ALWAYS_SEARCH_USER_PATHS = NO;
				CLANG_ANALYZER_NONNULL = YES;
				CLANG_ANALYZER_NUMBER_OBJECT_CONVERSION = YES_AGGRESSIVE;
				CLANG_CXX_LANGUAGE_STANDARD = "gnu++20";
				CLANG_ENABLE_MODULES = YES;
				CLANG_ENABLE_OBJC_ARC = YES;
				CLANG_ENABLE_OBJC_WEAK = YES;
				CLANG_WARN_BLOCK_CAPTURE_AUTORELEASING = YES;
				CLANG_WARN_BOOL_CONVERSION = YES;
				CLANG_WARN_COMMA = YES;
				CLANG_WARN_CONSTANT_CONVERSION = YES;
				CLANG_WARN_DEPRECATED_OBJC_IMPLEMENTATIONS = YES;
				CLANG_WARN_DIRECT_OBJC_ISA_USAGE = YES_ERROR;
				CLANG_WARN_DOCUMENTATION_COMMENTS = YES;
				CLANG_WARN_EMPTY_BODY = YES;
				CLANG_WARN_ENUM_CONVERSION = YES;
				CLANG_WARN_INFINITE_RECURSION = YES;
				CLANG_WARN_INT_CONVERSION = YES;
				CLANG_WARN_NON_LITERAL_NULL_CONVERSION = YES;
				CLANG_WARN_OBJC_IMPLICIT_RETAIN_SELF = YES;
				CLANG_WARN_OBJC_LITERAL_CONVERSION = YES;
				CLANG_WARN_OBJC_ROOT_CLASS = YES_ERROR;
				CLANG_WARN_QUOTED_INCLUDE_IN_FRAMEWORK_HEADER = YES;
				CLANG_WARN_RANGE_LOOP_ANALYSIS = YES;
				CLANG_WARN_STRICT_PROTOTYPES = YES;
				CLANG_WARN_SUSPICIOUS_MOVE = YES;
				CLANG_WARN_UNGUARDED_AVAILABILITY = YES_AGGRESSIVE;
				CLANG_WARN_UNREACHABLE_CODE = YES;
				CLANG_WARN__DUPLICATE_METHOD_MATCH = YES;
				COPY_PHASE_STRIP = NO;
				DEBUG_INFORMATION_FORMAT = "dwarf-with-dsym";
				ENABLE_NS_ASSERTIONS = NO;
				ENABLE_STRICT_OBJC_MSGSEND = YES;
				GCC_C_LANGUAGE_STANDARD = gnu11;
				GCC_NO_COMMON_BLOCKS = YES;
				GCC_WARN_64_TO_32_BIT_CONVERSION = YES;
				GCC_WARN_ABOUT_RETURN_TYPE = YES_ERROR;
				GCC_WARN_UNDECLARED_SELECTOR = YES;
				GCC_WARN_UNINITIALIZED_AUTOS = YES_AGGRESSIVE;
				GCC_WARN_UNUSED_FUNCTION = YES;
				GCC_WARN_UNUSED_VARIABLE = YES;
				IPHONEOS_DEPLOYMENT_TARGET = 16.0;
				MTL_ENABLE_DEBUG_INFO = NO;
				MTL_FAST_MATH = YES;
				SDKROOT = iphoneos;
				SWIFT_COMPILATION_MODE = wholemodule;
				SWIFT_OPTIMIZATION_LEVEL = "-O";
				VALIDATE_PRODUCT = YES;
			};
			name = Release;
		};
		5B1058C729E6EF4A00F8FF90 /* Debug */ = {
			isa = XCBuildConfiguration;
			buildSettings = {
				ASSETCATALOG_COMPILER_APPICON_NAME = AppIcon;
				ASSETCATALOG_COMPILER_GLOBAL_ACCENT_COLOR_NAME = AccentColor;
				CODE_SIGN_STYLE = Automatic;
				CURRENT_PROJECT_VERSION = 1;
				DEVELOPMENT_ASSET_PATHS = "\"ColorBlue/Preview Content\"";
				ENABLE_PREVIEWS = YES;
				GENERATE_INFOPLIST_FILE = YES;
				INFOPLIST_KEY_UIApplicationSceneManifest_Generation = YES;
				INFOPLIST_KEY_UIApplicationSupportsIndirectInputEvents = YES;
				INFOPLIST_KEY_UILaunchScreen_Generation = YES;
				INFOPLIST_KEY_UISupportedInterfaceOrientations_iPad = "UIInterfaceOrientationPortrait UIInterfaceOrientationPortraitUpsideDown UIInterfaceOrientationLandscapeLeft UIInterfaceOrientationLandscapeRight";
				INFOPLIST_KEY_UISupportedInterfaceOrientations_iPhone = "UIInterfaceOrientationPortrait UIInterfaceOrientationLandscapeLeft UIInterfaceOrientationLandscapeRight";
				LD_RUNPATH_SEARCH_PATHS = (
					"$(inherited)",
					"@executable_path/Frameworks",
				);
				MARKETING_VERSION = 1.0;
				PRODUCT_BUNDLE_IDENTIFIER = com.account.ColorBlue;
				PRODUCT_NAME = "$(TARGET_NAME)";
				SWIFT_EMIT_LOC_STRINGS = YES;
				SWIFT_VERSION = 5.0;
				TARGETED_DEVICE_FAMILY = "1,2";
			};
			name = Debug;
		};
		5B1058C829E6EF4A00F8FF90 /* Release */ = {
			isa = XCBuildConfiguration;
			buildSettings = {
				ASSETCATALOG_COMPILER_APPICON_NAME = AppIcon;
				ASSETCATALOG_COMPILER_GLOBAL_ACCENT_COLOR_NAME = AccentColor;
				CODE_SIGN_STYLE = Automatic;
				CURRENT_PROJECT_VERSION = 1;
				DEVELOPMENT_ASSET_PATHS = "\"ColorBlue/Preview Content\"";
				ENABLE_PREVIEWS = YES;
				GENERATE_INFOPLIST_FILE = YES;
				INFOPLIST_KEY_UIApplicationSceneManifest_Generation = YES;
				INFOPLIST_KEY_UIApplicationSupportsIndirectInputEvents = YES;
				INFOPLIST_KEY_UILaunchScreen_Generation = YES;
				INFOPLIST_KEY_UISupportedInterfaceOrientations_iPad = "UIInterfaceOrientationPortrait UIInterfaceOrientationPortraitUpsideDown UIInterfaceOrientationLandscapeLeft UIInterfaceOrientationLandscapeRight";
				INFOPLIST_KEY_UISupportedInterfaceOrientations_iPhone = "UIInterfaceOrientationPortrait UIInterfaceOrientationLandscapeLeft UIInterfaceOrientationLandscapeRight";
				LD_RUNPATH_SEARCH_PATHS = (
					"$(inherited)",
					"@executable_path/Frameworks",
				);
				MARKETING_VERSION = 1.0;
				PRODUCT_BUNDLE_IDENTIFIER = com.account.ColorBlue;
				PRODUCT_NAME = "$(TARGET_NAME)";
				SWIFT_EMIT_LOC_STRINGS = YES;
				SWIFT_VERSION = 5.0;
				TARGETED_DEVICE_FAMILY = "1,2";
			};
			name = Release;
		};
/* End XCBuildConfiguration section */

/* Begin XCConfigurationList section */
		5B1058B329E6EF4900F8FF90 /* Build configuration list for PBXProject "ColorBlue" */ = {
			isa = XCConfigurationList;
			buildConfigurations = (
				5B1058C429E6EF4A00F8FF90 /* Debug */,
				5B1058C529E6EF4A00F8FF90 /* Release */,
			);
			defaultConfigurationIsVisible = 0;
			defaultConfigurationName = Release;
		};
		5B1058C629E6EF4A00F8FF90 /* Build configuration list for PBXNativeTarget "ColorBlue" */ = {
			isa = XCConfigurationList;
			buildConfigurations = (
				5B1058C729E6EF4A00F8FF90 /* Debug */,
				5B1058C829E6EF4A00F8FF90 /* Release */,
			);
			defaultConfigurationIsVisible = 0;
			defaultConfigurationName = Release;
		};
/* End XCConfigurationList section */
	};
	rootObject = 5B1058B029E6EF4900F8FF90 /* Project object */;
}
